github.com/dustin/go-humanize v1.0.0 h1:VSnTsYCnlFHaM2/igO1h6X3HA71jcobQuxemgkq4zYo=
github.com/dustin/go-humanize v1.0.0/go.mod h1:HtrtbFcZ19U5GC7JDqmcUSB87Iq5E25KnS6fMYU6eOk=
github.com/tmthrgd/go-popcount v0.0.0-20190904054823-afb1ace8b04f h1:Phf2p9+twoHct5ZjSTrI8K7iWeSxO4x1p5pShTl0J00=
github.com/tmthrgd/go-popcount v0.0.0-20190904054823-afb1ace8b04f/go.mod h1:FcUQfrsAsSSqM3n9xf4EtPzB8tWzt58/y0AV+wNNM8Q=
